
Microsoft Visual Studio Solution File, Format Version 12.00
# Visual Studio Version 17
VisualStudioVersion = 17.14.35906.104
MinimumVisualStudioVersion = 10.0.40219.1
Project("{FAE04EC0-301F-11D3-BF4B-00C04F79EFBC}") = "GUI", "GUI\GUI.csproj", "{DD5CDC54-9399-46A4-B844-FB2507673A03}"
EndProject
Project("{FAE04EC0-301F-11D3-BF4B-00C04F79EFBC}") = "ET", "ET\ET.csproj", "{5E5166B0-7BAE-4657-BBFC-F6B39153A169}"
EndProject
Project("{FAE04EC0-301F-11D3-BF4B-00C04F79EFBC}") = "BUS", "BUS\BUS.csproj", "{0DA6D398-4103-4732-81F1-3665CAD4BAF6}"
EndProject
Project("{FAE04EC0-301F-11D3-BF4B-00C04F79EFBC}") = "DAL", "DAL\DAL.csproj", "{28FFE92F-BC73-4740-9150-176B686649BD}"
EndProject
Project("{54435603-DBB4-11D2-8724-00A0C9A8B90C}") = "Quan Lý Ngân Hàng(MindLess CMP)", "Quan Lý Ngân Hàng(MindLess CMP)\Quan Lý Ngân Hàng(MindLess CMP).vdproj", "{A0214041-FFDC-D00E-1A4E-C1D19EE2C3C4}"
EndProject
Project("{54435603-DBB4-11D2-8724-00A0C9A8B90C}") = "Setup1", "Setup1\Setup1.vdproj", "{F5D91FD6-F519-3AC5-2EF1-6ADD62B256F6}"
EndProject
Global
	GlobalSection(SolutionConfigurationPlatforms) = preSolution
		Debug|Any CPU = Debug|Any CPU
		Release|Any CPU = Release|Any CPU
	EndGlobalSection
	GlobalSection(ProjectConfigurationPlatforms) = postSolution
		{DD5CDC54-9399-46A4-B844-FB2507673A03}.Debug|Any CPU.ActiveCfg = Debug|Any CPU
		{DD5CDC54-9399-46A4-B844-FB2507673A03}.Debug|Any CPU.Build.0 = Debug|Any CPU
		{DD5CDC54-9399-46A4-B844-FB2507673A03}.Release|Any CPU.ActiveCfg = Release|Any CPU
		{DD5CDC54-9399-46A4-B844-FB2507673A03}.Release|Any CPU.Build.0 = Release|Any CPU
		{5E5166B0-7BAE-4657-BBFC-F6B39153A169}.Debug|Any CPU.ActiveCfg = Debug|Any CPU
		{5E5166B0-7BAE-4657-BBFC-F6B39153A169}.Debug|Any CPU.Build.0 = Debug|Any CPU
		{5E5166B0-7BAE-4657-BBFC-F6B39153A169}.Release|Any CPU.ActiveCfg = Release|Any CPU
		{5E5166B0-7BAE-4657-BBFC-F6B39153A169}.Release|Any CPU.Build.0 = Release|Any CPU
		{0DA6D398-4103-4732-81F1-3665CAD4BAF6}.Debug|Any CPU.ActiveCfg = Debug|Any CPU
		{0DA6D398-4103-4732-81F1-3665CAD4BAF6}.Debug|Any CPU.Build.0 = Debug|Any CPU
		{0DA6D398-4103-4732-81F1-3665CAD4BAF6}.Release|Any CPU.ActiveCfg = Release|Any CPU
		{0DA6D398-4103-4732-81F1-3665CAD4BAF6}.Release|Any CPU.Build.0 = Release|Any CPU
		{28FFE92F-BC73-4740-9150-176B686649BD}.Debug|Any CPU.ActiveCfg = Debug|Any CPU
		{28FFE92F-BC73-4740-9150-176B686649BD}.Debug|Any CPU.Build.0 = Debug|Any CPU
		{28FFE92F-BC73-4740-9150-176B686649BD}.Release|Any CPU.ActiveCfg = Release|Any CPU
		{28FFE92F-BC73-4740-9150-176B686649BD}.Release|Any CPU.Build.0 = Release|Any CPU
		{A0214041-FFDC-D00E-1A4E-C1D19EE2C3C4}.Debug|Any CPU.ActiveCfg = Debug
		{A0214041-FFDC-D00E-1A4E-C1D19EE2C3C4}.Release|Any CPU.ActiveCfg = Release
		{F5D91FD6-F519-3AC5-2EF1-6ADD62B256F6}.Debug|Any CPU.ActiveCfg = Debug
		{F5D91FD6-F519-3AC5-2EF1-6ADD62B256F6}.Release|Any CPU.ActiveCfg = Release
	EndGlobalSection
	GlobalSection(SolutionProperties) = preSolution
		HideSolutionNode = FALSE
	EndGlobalSection
	GlobalSection(ExtensibilityGlobals) = postSolution
		SolutionGuid = {75B55ACA-34D9-4FDD-BC13-D957472D4B98}
	EndGlobalSection
EndGlobal
